
Microsoft Visual Studio Solution File, Format Version 12.00
# Visual Studio Version 17
VisualStudioVersion = 17.7.34024.191
MinimumVisualStudioVersion = 10.0.40219.1
Project("{FAE04EC0-301F-11D3-BF4B-00C04F79EFBC}") = "Praktika_foxes_and_chikens", "Praktika_foxes_and_chikens\Praktika_foxes_and_chikens.csproj", "{B749E99E-F777-49FD-ABD6-B96F3A6C9DEE}"
EndProject
Global
	GlobalSection(SolutionConfigurationPlatforms) = preSolution
		Debug|Any CPU = Debug|Any CPU
		Release|Any CPU = Release|Any CPU
	EndGlobalSection
	GlobalSection(ProjectConfigurationPlatforms) = postSolution
		{B749E99E-F777-49FD-ABD6-B96F3A6C9DEE}.Debug|Any CPU.ActiveCfg = Debug|Any CPU
		{B749E99E-F777-49FD-ABD6-B96F3A6C9DEE}.Debug|Any CPU.Build.0 = Debug|Any CPU
		{B749E99E-F777-49FD-ABD6-B96F3A6C9DEE}.Release|Any CPU.ActiveCfg = Release|Any CPU
		{B749E99E-F777-49FD-ABD6-B96F3A6C9DEE}.Release|Any CPU.Build.0 = Release|Any CPU
	EndGlobalSection
	GlobalSection(SolutionProperties) = preSolution
		HideSolutionNode = FALSE
	EndGlobalSection
	GlobalSection(ExtensibilityGlobals) = postSolution
		SolutionGuid = {942A42E8-E0A3-4641-BDBB-CC67B86916BD}
	EndGlobalSection
EndGlobal
